// !$*UTF8*$!
{
	archiveVersion = 1;
	classes = {
	};
	objectVersion = 56;
	objects = {

/* Begin PBXBuildFile section */
		5C606F5B2ADE7B3400F08B06 /* DiaryAPPApp.swift in Sources */ = {isa = PBXBuildFile; fileRef = 5C606F5A2ADE7B3400F08B06 /* DiaryAPPApp.swift */; };
		5C606F5D2ADE7B3400F08B06 /* ContentView.swift in Sources */ = {isa = PBXBuildFile; fileRef = 5C606F5C2ADE7B3400F08B06 /* ContentView.swift */; };
		5C606F5F2ADE7B3C00F08B06 /* Assets.xcassets in Resources */ = {isa = PBXBuildFile; fileRef = 5C606F5E2ADE7B3C00F08B06 /* Assets.xcassets */; };
		5C606F622ADE7B3C00F08B06 /* Preview Assets.xcassets in Resources */ = {isa = PBXBuildFile; fileRef = 5C606F612ADE7B3C00F08B06 /* Preview Assets.xcassets */; };
		5C606F6C2ADE7B3C00F08B06 /* DiaryAPPTests.swift in Sources */ = {isa = PBXBuildFile; fileRef = 5C606F6B2ADE7B3C00F08B06 /* DiaryAPPTests.swift */; };
		5C606F762ADE7B3C00F08B06 /* DiaryAPPUITests.swift in Sources */ = {isa = PBXBuildFile; fileRef = 5C606F752ADE7B3C00F08B06 /* DiaryAPPUITests.swift */; };
		5C606F782ADE7B3C00F08B06 /* DiaryAPPUITestsLaunchTests.swift in Sources */ = {isa = PBXBuildFile; fileRef = 5C606F772ADE7B3C00F08B06 /* DiaryAPPUITestsLaunchTests.swift */; };
		5C606F862ADE7D1C00F08B06 /* DiaryEntry.swift in Sources */ = {isa = PBXBuildFile; fileRef = 5C606F852ADE7D1C00F08B06 /* DiaryEntry.swift */; };
		5C606F892ADE7F8700F08B06 /* DiaryEntriesExplorer.swift in Sources */ = {isa = PBXBuildFile; fileRef = 5C606F882ADE7F8700F08B06 /* DiaryEntriesExplorer.swift */; };
		5C606F8B2ADE806500F08B06 /* DiaryEntryDetailsView.swift in Sources */ = {isa = PBXBuildFile; fileRef = 5C606F8A2ADE806500F08B06 /* DiaryEntryDetailsView.swift */; };
		5C606F8D2ADE863D00F08B06 /* DiaryEntryCreationView.swift in Sources */ = {isa = PBXBuildFile; fileRef = 5C606F8C2ADE863D00F08B06 /* DiaryEntryCreationView.swift */; };
/* End PBXBuildFile section */

/* Begin PBXContainerItemProxy section */
		5C606F682ADE7B3C00F08B06 /* PBXContainerItemProxy */ = {
			isa = PBXContainerItemProxy;
			containerPortal = 5C606F4F2ADE7B3400F08B06 /* Project object */;
			proxyType = 1;
			remoteGlobalIDString = 5C606F562ADE7B3400F08B06;
			remoteInfo = DiaryAPP;
		};
		5C606F722ADE7B3C00F08B06 /* PBXContainerItemProxy */ = {
			isa = PBXContainerItemProxy;
			containerPortal = 5C606F4F2ADE7B3400F08B06 /* Project object */;
			proxyType = 1;
			remoteGlobalIDString = 5C606F562ADE7B3400F08B06;
			remoteInfo = DiaryAPP;
		};
/* End PBXContainerItemProxy section */

/* Begin PBXFileReference section */
		5C606F572ADE7B3400F08B06 /* DiaryAPP.app */ = {isa = PBXFileReference; explicitFileType = wrapper.application; includeInIndex = 0; path = DiaryAPP.app; sourceTree = BUILT_PRODUCTS_DIR; };
		5C606F5A2ADE7B3400F08B06 /* DiaryAPPApp.swift */ = {isa = PBXFileReference; lastKnownFileType = sourcecode.swift; path = DiaryAPPApp.swift; sourceTree = "<group>"; };
		5C606F5C2ADE7B3400F08B06 /* ContentView.swift */ = {isa = PBXFileReference; lastKnownFileType = sourcecode.swift; path = ContentView.swift; sourceTree = "<group>"; };
		5C606F5E2ADE7B3C00F08B06 /* Assets.xcassets */ = {isa = PBXFileReference; lastKnownFileType = folder.assetcatalog; path = Assets.xcassets; sourceTree = "<group>"; };
		5C606F612ADE7B3C00F08B06 /* Preview Assets.xcassets */ = {isa = PBXFileReference; lastKnownFileType = folder.assetcatalog; path = "Preview Assets.xcassets"; sourceTree = "<group>"; };
		5C606F672ADE7B3C00F08B06 /* DiaryAPPTests.xctest */ = {isa = PBXFileReference; explicitFileType = wrapper.cfbundle; includeInIndex = 0; path = DiaryAPPTests.xctest; sourceTree = BUILT_PRODUCTS_DIR; };
		5C606F6B2ADE7B3C00F08B06 /* DiaryAPPTests.swift */ = {isa = PBXFileReference; lastKnownFileType = sourcecode.swift; path = DiaryAPPTests.swift; sourceTree = "<group>"; };
		5C606F712ADE7B3C00F08B06 /* DiaryAPPUITests.xctest */ = {isa = PBXFileReference; explicitFileType = wrapper.cfbundle; includeInIndex = 0; path = DiaryAPPUITests.xctest; sourceTree = BUILT_PRODUCTS_DIR; };
		5C606F752ADE7B3C00F08B06 /* DiaryAPPUITests.swift */ = {isa = PBXFileReference; lastKnownFileType = sourcecode.swift; path = DiaryAPPUITests.swift; sourceTree = "<group>"; };
		5C606F772ADE7B3C00F08B06 /* DiaryAPPUITestsLaunchTests.swift */ = {isa = PBXFileReference; lastKnownFileType = sourcecode.swift; path = DiaryAPPUITestsLaunchTests.swift; sourceTree = "<group>"; };
		5C606F852ADE7D1C00F08B06 /* DiaryEntry.swift */ = {isa = PBXFileReference; lastKnownFileType = sourcecode.swift; path = DiaryEntry.swift; sourceTree = "<group>"; };
		5C606F882ADE7F8700F08B06 /* DiaryEntriesExplorer.swift */ = {isa = PBXFileReference; lastKnownFileType = sourcecode.swift; path = DiaryEntriesExplorer.swift; sourceTree = "<group>"; };
		5C606F8A2ADE806500F08B06 /* DiaryEntryDetailsView.swift */ = {isa = PBXFileReference; lastKnownFileType = sourcecode.swift; path = DiaryEntryDetailsView.swift; sourceTree = "<group>"; };
		5C606F8C2ADE863D00F08B06 /* DiaryEntryCreationView.swift */ = {isa = PBXFileReference; lastKnownFileType = sourcecode.swift; path = DiaryEntryCreationView.swift; sourceTree = "<group>"; };
/* End PBXFileReference section */

/* Begin PBXFrameworksBuildPhase section */
		5C606F542ADE7B3400F08B06 /* Frameworks */ = {
			isa = PBXFrameworksBuildPhase;
			buildActionMask = 2147483647;
			files = (
			);
			runOnlyForDeploymentPostprocessing = 0;
		};
		5C606F642ADE7B3C00F08B06 /* Frameworks */ = {
			isa = PBXFrameworksBuildPhase;
			buildActionMask = 2147483647;
			files = (
			);
			runOnlyForDeploymentPostprocessing = 0;
		};
		5C606F6E2ADE7B3C00F08B06 /* Frameworks */ = {
			isa = PBXFrameworksBuildPhase;
			buildActionMask = 2147483647;
			files = (
			);
			runOnlyForDeploymentPostprocessing = 0;
		};
/* End PBXFrameworksBuildPhase section */

/* Begin PBXGroup section */
		5C606F4E2ADE7B3400F08B06 = {
			isa = PBXGroup;
			children = (
				5C606F592ADE7B3400F08B06 /* DiaryAPP */,
				5C606F6A2ADE7B3C00F08B06 /* DiaryAPPTests */,
				5C606F742ADE7B3C00F08B06 /* DiaryAPPUITests */,
				5C606F582ADE7B3400F08B06 /* Products */,
			);
			sourceTree = "<group>";
		};
		5C606F582ADE7B3400F08B06 /* Products */ = {
			isa = PBXGroup;
			children = (
				5C606F572ADE7B3400F08B06 /* DiaryAPP.app */,
				5C606F672ADE7B3C00F08B06 /* DiaryAPPTests.xctest */,
				5C606F712ADE7B3C00F08B06 /* DiaryAPPUITests.xctest */,
			);
			name = Products;
			sourceTree = "<group>";
		};
		5C606F592ADE7B3400F08B06 /* DiaryAPP */ = {
			isa = PBXGroup;
			children = (
				5C606F872ADE7E2400F08B06 /* Views */,
				5C606F842ADE7CF900F08B06 /* Models */,
				5C606F5A2ADE7B3400F08B06 /* DiaryAPPApp.swift */,
				5C606F5C2ADE7B3400F08B06 /* ContentView.swift */,
				5C606F5E2ADE7B3C00F08B06 /* Assets.xcassets */,
				5C606F602ADE7B3C00F08B06 /* Preview Content */,
			);
			path = DiaryAPP;
			sourceTree = "<group>";
		};
		5C606F602ADE7B3C00F08B06 /* Preview Content */ = {
			isa = PBXGroup;
			children = (
				5C606F612ADE7B3C00F08B06 /* Preview Assets.xcassets */,
			);
			path = "Preview Content";
			sourceTree = "<group>";
		};
		5C606F6A2ADE7B3C00F08B06 /* DiaryAPPTests */ = {
			isa = PBXGroup;
			children = (
				5C606F6B2ADE7B3C00F08B06 /* DiaryAPPTests.swift */,
			);
			path = DiaryAPPTests;
			sourceTree = "<group>";
		};
		5C606F742ADE7B3C00F08B06 /* DiaryAPPUITests */ = {
			isa = PBXGroup;
			children = (
				5C606F752ADE7B3C00F08B06 /* DiaryAPPUITests.swift */,
				5C606F772ADE7B3C00F08B06 /* DiaryAPPUITestsLaunchTests.swift */,
			);
			path = DiaryAPPUITests;
			sourceTree = "<group>";
		};
		5C606F842ADE7CF900F08B06 /* Models */ = {
			isa = PBXGroup;
			children = (
				5C606F852ADE7D1C00F08B06 /* DiaryEntry.swift */,
			);
			path = Models;
			sourceTree = "<group>";
		};
		5C606F872ADE7E2400F08B06 /* Views */ = {
			isa = PBXGroup;
			children = (
				5C606F882ADE7F8700F08B06 /* DiaryEntriesExplorer.swift */,
				5C606F8A2ADE806500F08B06 /* DiaryEntryDetailsView.swift */,
				5C606F8C2ADE863D00F08B06 /* DiaryEntryCreationView.swift */,
			);
			path = Views;
			sourceTree = "<group>";
		};
/* End PBXGroup section */

/* Begin PBXNativeTarget section */
		5C606F562ADE7B3400F08B06 /* DiaryAPP */ = {
			isa = PBXNativeTarget;
			buildConfigurationList = 5C606F7B2ADE7B3C00F08B06 /* Build configuration list for PBXNativeTarget "DiaryAPP" */;
			buildPhases = (
				5C606F532ADE7B3400F08B06 /* Sources */,
				5C606F542ADE7B3400F08B06 /* Frameworks */,
				5C606F552ADE7B3400F08B06 /* Resources */,
			);
			buildRules = (
			);
			dependencies = (
			);
			name = DiaryAPP;
			productName = DiaryAPP;
			productReference = 5C606F572ADE7B3400F08B06 /* DiaryAPP.app */;
			productType = "com.apple.product-type.application";
		};
		5C606F662ADE7B3C00F08B06 /* DiaryAPPTests */ = {
			isa = PBXNativeTarget;
			buildConfigurationList = 5C606F7E2ADE7B3C00F08B06 /* Build configuration list for PBXNativeTarget "DiaryAPPTests" */;
			buildPhases = (
				5C606F632ADE7B3C00F08B06 /* Sources */,
				5C606F642ADE7B3C00F08B06 /* Frameworks */,
				5C606F652ADE7B3C00F08B06 /* Resources */,
			);
			buildRules = (
			);
			dependencies = (
				5C606F692ADE7B3C00F08B06 /* PBXTargetDependency */,
			);
			name = DiaryAPPTests;
			productName = DiaryAPPTests;
			productReference = 5C606F672ADE7B3C00F08B06 /* DiaryAPPTests.xctest */;
			productType = "com.apple.product-type.bundle.unit-test";
		};
		5C606F702ADE7B3C00F08B06 /* DiaryAPPUITests */ = {
			isa = PBXNativeTarget;
			buildConfigurationList = 5C606F812ADE7B3C00F08B06 /* Build configuration list for PBXNativeTarget "DiaryAPPUITests" */;
			buildPhases = (
				5C606F6D2ADE7B3C00F08B06 /* Sources */,
				5C606F6E2ADE7B3C00F08B06 /* Frameworks */,
				5C606F6F2ADE7B3C00F08B06 /* Resources */,
			);
			buildRules = (
			);
			dependencies = (
				5C606F732ADE7B3C00F08B06 /* PBXTargetDependency */,
			);
			name = DiaryAPPUITests;
			productName = DiaryAPPUITests;
			productReference = 5C606F712ADE7B3C00F08B06 /* DiaryAPPUITests.xctest */;
			productType = "com.apple.product-type.bundle.ui-testing";
		};
/* End PBXNativeTarget section */

/* Begin PBXProject section */
		5C606F4F2ADE7B3400F08B06 /* Project object */ = {
			isa = PBXProject;
			attributes = {
				BuildIndependentTargetsInParallel = 1;
				LastSwiftUpdateCheck = 1430;
				LastUpgradeCheck = 1430;
				TargetAttributes = {
					5C606F562ADE7B3400F08B06 = {
						CreatedOnToolsVersion = 14.3.1;
					};
					5C606F662ADE7B3C00F08B06 = {
						CreatedOnToolsVersion = 14.3.1;
						TestTargetID = 5C606F562ADE7B3400F08B06;
					};
					5C606F702ADE7B3C00F08B06 = {
						CreatedOnToolsVersion = 14.3.1;
						TestTargetID = 5C606F562ADE7B3400F08B06;
					};
				};
			};
			buildConfigurationList = 5C606F522ADE7B3400F08B06 /* Build configuration list for PBXProject "DiaryAPP" */;
			compatibilityVersion = "Xcode 14.0";
			developmentRegion = en;
			hasScannedForEncodings = 0;
			knownRegions = (
				en,
				Base,
			);
			mainGroup = 5C606F4E2ADE7B3400F08B06;
			productRefGroup = 5C606F582ADE7B3400F08B06 /* Products */;
			projectDirPath = "";
			projectRoot = "";
			targets = (
				5C606F562ADE7B3400F08B06 /* DiaryAPP */,
				5C606F662ADE7B3C00F08B06 /* DiaryAPPTests */,
				5C606F702ADE7B3C00F08B06 /* DiaryAPPUITests */,
			);
		};
/* End PBXProject section */

/* Begin PBXResourcesBuildPhase section */
		5C606F552ADE7B3400F08B06 /* Resources */ = {
			isa = PBXResourcesBuildPhase;
			buildActionMask = 2147483647;
			files = (
				5C606F622ADE7B3C00F08B06 /* Preview Assets.xcassets in Resources */,
				5C606F5F2ADE7B3C00F08B06 /* Assets.xcassets in Resources */,
			);
			runOnlyForDeploymentPostprocessing = 0;
		};
		5C606F652ADE7B3C00F08B06 /* Resources */ = {
			isa = PBXResourcesBuildPhase;
			buildActionMask = 2147483647;
			files = (
			);
			runOnlyForDeploymentPostprocessing = 0;
		};
		5C606F6F2ADE7B3C00F08B06 /* Resources */ = {
			isa = PBXResourcesBuildPhase;
			buildActionMask = 2147483647;
			files = (
			);
			runOnlyForDeploymentPostprocessing = 0;
		};
/* End PBXResourcesBuildPhase section */

/* Begin PBXSourcesBuildPhase section */
		5C606F532ADE7B3400F08B06 /* Sources */ = {
			isa = PBXSourcesBuildPhase;
			buildActionMask = 2147483647;
			files = (
				5C606F8B2ADE806500F08B06 /* DiaryEntryDetailsView.swift in Sources */,
				5C606F5D2ADE7B3400F08B06 /* ContentView.swift in Sources */,
				5C606F8D2ADE863D00F08B06 /* DiaryEntryCreationView.swift in Sources */,
				5C606F892ADE7F8700F08B06 /* DiaryEntriesExplorer.swift in Sources */,
				5C606F862ADE7D1C00F08B06 /* DiaryEntry.swift in Sources */,
				5C606F5B2ADE7B3400F08B06 /* DiaryAPPApp.swift in Sources */,
			);
			runOnlyForDeploymentPostprocessing = 0;
		};
		5C606F632ADE7B3C00F08B06 /* Sources */ = {
			isa = PBXSourcesBuildPhase;
			buildActionMask = 2147483647;
			files = (
				5C606F6C2ADE7B3C00F08B06 /* DiaryAPPTests.swift in Sources */,
			);
			runOnlyForDeploymentPostprocessing = 0;
		};
		5C606F6D2ADE7B3C00F08B06 /* Sources */ = {
			isa = PBXSourcesBuildPhase;
			buildActionMask = 2147483647;
			files = (
				5C606F782ADE7B3C00F08B06 /* DiaryAPPUITestsLaunchTests.swift in Sources */,
				5C606F762ADE7B3C00F08B06 /* DiaryAPPUITests.swift in Sources */,
			);
			runOnlyForDeploymentPostprocessing = 0;
		};
/* End PBXSourcesBuildPhase section */

/* Begin PBXTargetDependency section */
		5C606F692ADE7B3C00F08B06 /* PBXTargetDependency */ = {
			isa = PBXTargetDependency;
			target = 5C606F562ADE7B3400F08B06 /* DiaryAPP */;
			targetProxy = 5C606F682ADE7B3C00F08B06 /* PBXContainerItemProxy */;
		};
		5C606F732ADE7B3C00F08B06 /* PBXTargetDependency */ = {
			isa = PBXTargetDependency;
			target = 5C606F562ADE7B3400F08B06 /* DiaryAPP */;
			targetProxy = 5C606F722ADE7B3C00F08B06 /* PBXContainerItemProxy */;
		};
/* End PBXTargetDependency section */

/* Begin XCBuildConfiguration section */
		5C606F792ADE7B3C00F08B06 /* Debug */ = {
			isa = XCBuildConfiguration;
			buildSettings = {
				ALWAYS_SEARCH_USER_PATHS = NO;
				CLANG_ANALYZER_NONNULL = YES;
				CLANG_ANALYZER_NUMBER_OBJECT_CONVERSION = YES_AGGRESSIVE;
				CLANG_CXX_LANGUAGE_STANDARD = "gnu++20";
				CLANG_ENABLE_MODULES = YES;
				CLANG_ENABLE_OBJC_ARC = YES;
				CLANG_ENABLE_OBJC_WEAK = YES;
				CLANG_WARN_BLOCK_CAPTURE_AUTORELEASING = YES;
				CLANG_WARN_BOOL_CONVERSION = YES;
				CLANG_WARN_COMMA = YES;
				CLANG_WARN_CONSTANT_CONVERSION = YES;
				CLANG_WARN_DEPRECATED_OBJC_IMPLEMENTATIONS = YES;
				CLANG_WARN_DIRECT_OBJC_ISA_USAGE = YES_ERROR;
				CLANG_WARN_DOCUMENTATION_COMMENTS = YES;
				CLANG_WARN_EMPTY_BODY = YES;
				CLANG_WARN_ENUM_CONVERSION = YES;
				CLANG_WARN_INFINITE_RECURSION = YES;
				CLANG_WARN_INT_CONVERSION = YES;
				CLANG_WARN_NON_LITERAL_NULL_CONVERSION = YES;
				CLANG_WARN_OBJC_IMPLICIT_RETAIN_SELF = YES;
				CLANG_WARN_OBJC_LITERAL_CONVERSION = YES;
				CLANG_WARN_OBJC_ROOT_CLASS = YES_ERROR;
				CLANG_WARN_QUOTED_INCLUDE_IN_FRAMEWORK_HEADER = YES;
				CLANG_WARN_RANGE_LOOP_ANALYSIS = YES;
				CLANG_WARN_STRICT_PROTOTYPES = YES;
				CLANG_WARN_SUSPICIOUS_MOVE = YES;
				CLANG_WARN_UNGUARDED_AVAILABILITY = YES_AGGRESSIVE;
				CLANG_WARN_UNREACHABLE_CODE = YES;
				CLANG_WARN__DUPLICATE_METHOD_MATCH = YES;
				COPY_PHASE_STRIP = NO;
				DEBUG_INFORMATION_FORMAT = dwarf;
				ENABLE_STRICT_OBJC_MSGSEND = YES;
				ENABLE_TESTABILITY = YES;
				GCC_C_LANGUAGE_STANDARD = gnu11;
				GCC_DYNAMIC_NO_PIC = NO;
				GCC_NO_COMMON_BLOCKS = YES;
				GCC_OPTIMIZATION_LEVEL = 0;
				GCC_PREPROCESSOR_DEFINITIONS = (
					"DEBUG=1",
					"$(inherited)",
				);
				GCC_WARN_64_TO_32_BIT_CONVERSION = YES;
				GCC_WARN_ABOUT_RETURN_TYPE = YES_ERROR;
				GCC_WARN_UNDECLARED_SELECTOR = YES;
				GCC_WARN_UNINITIALIZED_AUTOS = YES_AGGRESSIVE;
				GCC_WARN_UNUSED_FUNCTION = YES;
				GCC_WARN_UNUSED_VARIABLE = YES;
				IPHONEOS_DEPLOYMENT_TARGET = 16.4;
				MTL_ENABLE_DEBUG_INFO = INCLUDE_SOURCE;
				MTL_FAST_MATH = YES;
				ONLY_ACTIVE_ARCH = YES;
				SDKROOT = iphoneos;
				SWIFT_ACTIVE_COMPILATION_CONDITIONS = DEBUG;
				SWIFT_OPTIMIZATION_LEVEL = "-Onone";
			};
			name = Debug;
		};
		5C606F7A2ADE7B3C00F08B06 /* Release */ = {
			isa = XCBuildConfiguration;
			buildSettings = {
				ALWAYS_SEARCH_USER_PATHS = NO;
				CLANG_ANALYZER_NONNULL = YES;
				CLANG_ANALYZER_NUMBER_OBJECT_CONVERSION = YES_AGGRESSIVE;
				CLANG_CXX_LANGUAGE_STANDARD = "gnu++20";
				CLANG_ENABLE_MODULES = YES;
				CLANG_ENABLE_OBJC_ARC = YES;
				CLANG_ENABLE_OBJC_WEAK = YES;
				CLANG_WARN_BLOCK_CAPTURE_AUTORELEASING = YES;
				CLANG_WARN_BOOL_CONVERSION = YES;
				CLANG_WARN_COMMA = YES;
				CLANG_WARN_CONSTANT_CONVERSION = YES;
				CLANG_WARN_DEPRECATED_OBJC_IMPLEMENTATIONS = YES;
				CLANG_WARN_DIRECT_OBJC_ISA_USAGE = YES_ERROR;
				CLANG_WARN_DOCUMENTATION_COMMENTS = YES;
				CLANG_WARN_EMPTY_BODY = YES;
				CLANG_WARN_ENUM_CONVERSION = YES;
				CLANG_WARN_INFINITE_RECURSION = YES;
				CLANG_WARN_INT_CONVERSION = YES;
				CLANG_WARN_NON_LITERAL_NULL_CONVERSION = YES;
				CLANG_WARN_OBJC_IMPLICIT_RETAIN_SELF = YES;
				CLANG_WARN_OBJC_LITERAL_CONVERSION = YES;
				CLANG_WARN_OBJC_ROOT_CLASS = YES_ERROR;
				CLANG_WARN_QUOTED_INCLUDE_IN_FRAMEWORK_HEADER = YES;
				CLANG_WARN_RANGE_LOOP_ANALYSIS = YES;
				CLANG_WARN_STRICT_PROTOTYPES = YES;
				CLANG_WARN_SUSPICIOUS_MOVE = YES;
				CLANG_WARN_UNGUARDED_AVAILABILITY = YES_AGGRESSIVE;
				CLANG_WARN_UNREACHABLE_CODE = YES;
				CLANG_WARN__DUPLICATE_METHOD_MATCH = YES;
				COPY_PHASE_STRIP = NO;
				DEBUG_INFORMATION_FORMAT = "dwarf-with-dsym";
				ENABLE_NS_ASSERTIONS = NO;
				ENABLE_STRICT_OBJC_MSGSEND = YES;
				GCC_C_LANGUAGE_STANDARD = gnu11;
				GCC_NO_COMMON_BLOCKS = YES;
				GCC_WARN_64_TO_32_BIT_CONVERSION = YES;
				GCC_WARN_ABOUT_RETURN_TYPE = YES_ERROR;
				GCC_WARN_UNDECLARED_SELECTOR = YES;
				GCC_WARN_UNINITIALIZED_AUTOS = YES_AGGRESSIVE;
				GCC_WARN_UNUSED_FUNCTION = YES;
				GCC_WARN_UNUSED_VARIABLE = YES;
				IPHONEOS_DEPLOYMENT_TARGET = 16.4;
				MTL_ENABLE_DEBUG_INFO = NO;
				MTL_FAST_MATH = YES;
				SDKROOT = iphoneos;
				SWIFT_COMPILATION_MODE = wholemodule;
				SWIFT_OPTIMIZATION_LEVEL = "-O";
				VALIDATE_PRODUCT = YES;
			};
			name = Release;
		};
		5C606F7C2ADE7B3C00F08B06 /* Debug */ = {
			isa = XCBuildConfiguration;
			buildSettings = {
				ASSETCATALOG_COMPILER_APPICON_NAME = AppIcon;
				ASSETCATALOG_COMPILER_GLOBAL_ACCENT_COLOR_NAME = AccentColor;
				CODE_SIGN_STYLE = Automatic;
				CURRENT_PROJECT_VERSION = 1;
				DEVELOPMENT_ASSET_PATHS = "\"DiaryAPP/Preview Content\"";
				DEVELOPMENT_TEAM = BC9939G5P6;
				ENABLE_PREVIEWS = YES;
				GENERATE_INFOPLIST_FILE = YES;
				INFOPLIST_KEY_UIApplicationSceneManifest_Generation = YES;
				INFOPLIST_KEY_UIApplicationSupportsIndirectInputEvents = YES;
				INFOPLIST_KEY_UILaunchScreen_Generation = YES;
				INFOPLIST_KEY_UISupportedInterfaceOrientations_iPad = "UIInterfaceOrientationPortrait UIInterfaceOrientationPortraitUpsideDown UIInterfaceOrientationLandscapeLeft UIInterfaceOrientationLandscapeRight";
				INFOPLIST_KEY_UISupportedInterfaceOrientations_iPhone = "UIInterfaceOrientationPortrait UIInterfaceOrientationLandscapeLeft UIInterfaceOrientationLandscapeRight";
				LD_RUNPATH_SEARCH_PATHS = (
					"$(inherited)",
					"@executable_path/Frameworks",
				);
				MARKETING_VERSION = 1.0;
				PRODUCT_BUNDLE_IDENTIFIER = com.jorge.DiaryAPP;
				PRODUCT_NAME = "$(TARGET_NAME)";
				SWIFT_EMIT_LOC_STRINGS = YES;
				SWIFT_VERSION = 5.0;
				TARGETED_DEVICE_FAMILY = "1,2";
			};
			name = Debug;
		};
		5C606F7D2ADE7B3C00F08B06 /* Release */ = {
			isa = XCBuildConfiguration;
			buildSettings = {
				ASSETCATALOG_COMPILER_APPICON_NAME = AppIcon;
				ASSETCATALOG_COMPILER_GLOBAL_ACCENT_COLOR_NAME = AccentColor;
				CODE_SIGN_STYLE = Automatic;
				CURRENT_PROJECT_VERSION = 1;
				DEVELOPMENT_ASSET_PATHS = "\"DiaryAPP/Preview Content\"";
				DEVELOPMENT_TEAM = BC9939G5P6;
				ENABLE_PREVIEWS = YES;
				GENERATE_INFOPLIST_FILE = YES;
				INFOPLIST_KEY_UIApplicationSceneManifest_Generation = YES;
				INFOPLIST_KEY_UIApplicationSupportsIndirectInputEvents = YES;
				INFOPLIST_KEY_UILaunchScreen_Generation = YES;
				INFOPLIST_KEY_UISupportedInterfaceOrientations_iPad = "UIInterfaceOrientationPortrait UIInterfaceOrientationPortraitUpsideDown UIInterfaceOrientationLandscapeLeft UIInterfaceOrientationLandscapeRight";
				INFOPLIST_KEY_UISupportedInterfaceOrientations_iPhone = "UIInterfaceOrientationPortrait UIInterfaceOrientationLandscapeLeft UIInterfaceOrientationLandscapeRight";
				LD_RUNPATH_SEARCH_PATHS = (
					"$(inherited)",
					"@executable_path/Frameworks",
				);
				MARKETING_VERSION = 1.0;
				PRODUCT_BUNDLE_IDENTIFIER = com.jorge.DiaryAPP;
				PRODUCT_NAME = "$(TARGET_NAME)";
				SWIFT_EMIT_LOC_STRINGS = YES;
				SWIFT_VERSION = 5.0;
				TARGETED_DEVICE_FAMILY = "1,2";
			};
			name = Release;
		};
		5C606F7F2ADE7B3C00F08B06 /* Debug */ = {
			isa = XCBuildConfiguration;
			buildSettings = {
				ALWAYS_EMBED_SWIFT_STANDARD_LIBRARIES = YES;
				BUNDLE_LOADER = "$(TEST_HOST)";
				CODE_SIGN_STYLE = Automatic;
				CURRENT_PROJECT_VERSION = 1;
				DEVELOPMENT_TEAM = BC9939G5P6;
				GENERATE_INFOPLIST_FILE = YES;
				IPHONEOS_DEPLOYMENT_TARGET = 16.4;
				MARKETING_VERSION = 1.0;
				PRODUCT_BUNDLE_IDENTIFIER = com.jorge.DiaryAPPTests;
				PRODUCT_NAME = "$(TARGET_NAME)";
				SWIFT_EMIT_LOC_STRINGS = NO;
				SWIFT_VERSION = 5.0;
				TARGETED_DEVICE_FAMILY = "1,2";
				TEST_HOST = "$(BUILT_PRODUCTS_DIR)/DiaryAPP.app/$(BUNDLE_EXECUTABLE_FOLDER_PATH)/DiaryAPP";
			};
			name = Debug;
		};
		5C606F802ADE7B3C00F08B06 /* Release */ = {
			isa = XCBuildConfiguration;
			buildSettings = {
				ALWAYS_EMBED_SWIFT_STANDARD_LIBRARIES = YES;
				BUNDLE_LOADER = "$(TEST_HOST)";
				CODE_SIGN_STYLE = Automatic;
				CURRENT_PROJECT_VERSION = 1;
				DEVELOPMENT_TEAM = BC9939G5P6;
				GENERATE_INFOPLIST_FILE = YES;
				IPHONEOS_DEPLOYMENT_TARGET = 16.4;
				MARKETING_VERSION = 1.0;
				PRODUCT_BUNDLE_IDENTIFIER = com.jorge.DiaryAPPTests;
				PRODUCT_NAME = "$(TARGET_NAME)";
				SWIFT_EMIT_LOC_STRINGS = NO;
				SWIFT_VERSION = 5.0;
				TARGETED_DEVICE_FAMILY = "1,2";
				TEST_HOST = "$(BUILT_PRODUCTS_DIR)/DiaryAPP.app/$(BUNDLE_EXECUTABLE_FOLDER_PATH)/DiaryAPP";
			};
			name = Release;
		};
		5C606F822ADE7B3C00F08B06 /* Debug */ = {
			isa = XCBuildConfiguration;
			buildSettings = {
				ALWAYS_EMBED_SWIFT_STANDARD_LIBRARIES = YES;
				CODE_SIGN_STYLE = Automatic;
				CURRENT_PROJECT_VERSION = 1;
				DEVELOPMENT_TEAM = BC9939G5P6;
				GENERATE_INFOPLIST_FILE = YES;
				MARKETING_VERSION = 1.0;
				PRODUCT_BUNDLE_IDENTIFIER = com.jorge.DiaryAPPUITests;
				PRODUCT_NAME = "$(TARGET_NAME)";
				SWIFT_EMIT_LOC_STRINGS = NO;
				SWIFT_VERSION = 5.0;
				TARGETED_DEVICE_FAMILY = "1,2";
				TEST_TARGET_NAME = DiaryAPP;
			};
			name = Debug;
		};
		5C606F832ADE7B3C00F08B06 /* Release */ = {
			isa = XCBuildConfiguration;
			buildSettings = {
				ALWAYS_EMBED_SWIFT_STANDARD_LIBRARIES = YES;
				CODE_SIGN_STYLE = Automatic;
				CURRENT_PROJECT_VERSION = 1;
				DEVELOPMENT_TEAM = BC9939G5P6;
				GENERATE_INFOPLIST_FILE = YES;
				MARKETING_VERSION = 1.0;
				PRODUCT_BUNDLE_IDENTIFIER = com.jorge.DiaryAPPUITests;
				PRODUCT_NAME = "$(TARGET_NAME)";
				SWIFT_EMIT_LOC_STRINGS = NO;
				SWIFT_VERSION = 5.0;
				TARGETED_DEVICE_FAMILY = "1,2";
				TEST_TARGET_NAME = DiaryAPP;
			};
			name = Release;
		};
/* End XCBuildConfiguration section */

/* Begin XCConfigurationList section */
		5C606F522ADE7B3400F08B06 /* Build configuration list for PBXProject "DiaryAPP" */ = {
			isa = XCConfigurationList;
			buildConfigurations = (
				5C606F792ADE7B3C00F08B06 /* Debug */,
				5C606F7A2ADE7B3C00F08B06 /* Release */,
			);
			defaultConfigurationIsVisible = 0;
			defaultConfigurationName = Release;
		};
		5C606F7B2ADE7B3C00F08B06 /* Build configuration list for PBXNativeTarget "DiaryAPP" */ = {
			isa = XCConfigurationList;
			buildConfigurations = (
				5C606F7C2ADE7B3C00F08B06 /* Debug */,
				5C606F7D2ADE7B3C00F08B06 /* Release */,
			);
			defaultConfigurationIsVisible = 0;
			defaultConfigurationName = Release;
		};
		5C606F7E2ADE7B3C00F08B06 /* Build configuration list for PBXNativeTarget "DiaryAPPTests" */ = {
			isa = XCConfigurationList;
			buildConfigurations = (
				5C606F7F2ADE7B3C00F08B06 /* Debug */,
				5C606F802ADE7B3C00F08B06 /* Release */,
			);
			defaultConfigurationIsVisible = 0;
			defaultConfigurationName = Release;
		};
		5C606F812ADE7B3C00F08B06 /* Build configuration list for PBXNativeTarget "DiaryAPPUITests" */ = {
			isa = XCConfigurationList;
			buildConfigurations = (
				5C606F822ADE7B3C00F08B06 /* Debug */,
				5C606F832ADE7B3C00F08B06 /* Release */,
			);
			defaultConfigurationIsVisible = 0;
			defaultConfigurationName = Release;
		};
/* End XCConfigurationList section */
	};
	rootObject = 5C606F4F2ADE7B3400F08B06 /* Project object */;
}
